
Microsoft Visual Studio Solution File, Format Version 12.00
# Visual Studio Version 17
VisualStudioVersion = 17.5.002.0
MinimumVisualStudioVersion = 10.0.40219.1
Project("{9A19103F-16F7-4668-BE54-9A1E7A4F7556}") = "EshopWeb", "EshopWeb\EshopWeb.csproj", "{7C12D574-4157-4F33-94D0-CC809589E210}"
EndProject
Global
	GlobalSection(SolutionConfigurationPlatforms) = preSolution
		Debug|Any CPU = Debug|Any CPU
		Release|Any CPU = Release|Any CPU
	EndGlobalSection
	GlobalSection(ProjectConfigurationPlatforms) = postSolution
		{7C12D574-4157-4F33-94D0-CC809589E210}.Debug|Any CPU.ActiveCfg = Debug|Any CPU
		{7C12D574-4157-4F33-94D0-CC809589E210}.Debug|Any CPU.Build.0 = Debug|Any CPU
		{7C12D574-4157-4F33-94D0-CC809589E210}.Release|Any CPU.ActiveCfg = Release|Any CPU
		{7C12D574-4157-4F33-94D0-CC809589E210}.Release|Any CPU.Build.0 = Release|Any CPU
	EndGlobalSection
	GlobalSection(SolutionProperties) = preSolution
		HideSolutionNode = FALSE
	EndGlobalSection
	GlobalSection(ExtensibilityGlobals) = postSolution
		SolutionGuid = {A19F10AC-892F-4A48-B381-A1ADA57BFD13}
	EndGlobalSection
EndGlobal
